// !$*UTF8*$!
{
	archiveVersion = 1;
	classes = {
	};
	objectVersion = 50;
	objects = {

/* Begin PBXBuildFile section */
		5B8AD09425F2717800B64371 /* AppDelegate.swift in Sources */ = {isa = PBXBuildFile; fileRef = 5B8AD09325F2717800B64371 /* AppDelegate.swift */; };
		5B8AD09825F2717800B64371 /* Actions.sks in Resources */ = {isa = PBXBuildFile; fileRef = 5B8AD09725F2717800B64371 /* Actions.sks */; };
		5B8AD09A25F2717800B64371 /* GameScene.swift in Sources */ = {isa = PBXBuildFile; fileRef = 5B8AD09925F2717800B64371 /* GameScene.swift */; };
		5B8AD0A125F2717A00B64371 /* Assets.xcassets in Resources */ = {isa = PBXBuildFile; fileRef = 5B8AD0A025F2717A00B64371 /* Assets.xcassets */; };
		5B8AD0AC25F2717B00B64371 /* SpitOTimeTests.swift in Sources */ = {isa = PBXBuildFile; fileRef = 5B8AD0AB25F2717B00B64371 /* SpitOTimeTests.swift */; };
		5B8AD0B725F2717B00B64371 /* SpitOTimeUITests.swift in Sources */ = {isa = PBXBuildFile; fileRef = 5B8AD0B625F2717B00B64371 /* SpitOTimeUITests.swift */; };
		810BD58A2600D9D900853F6C /* SpawnComponent.swift in Sources */ = {isa = PBXBuildFile; fileRef = 810BD5892600D9D900853F6C /* SpawnComponent.swift */; };
		810BD58F2600DE4600853F6C /* Enemy.swift in Sources */ = {isa = PBXBuildFile; fileRef = 810BD58E2600DE4600853F6C /* Enemy.swift */; };
		810BD5942600DE5000853F6C /* Obstacle.swift in Sources */ = {isa = PBXBuildFile; fileRef = 810BD5932600DE5000853F6C /* Obstacle.swift */; };
		810BD5A12600FBCA00853F6C /* SpitParticle.sks in Resources */ = {isa = PBXBuildFile; fileRef = 810BD59F2600FBCA00853F6C /* SpitParticle.sks */; };
		810BD5A22600FBCA00853F6C /* Assets.xcassets in Resources */ = {isa = PBXBuildFile; fileRef = 810BD5A02600FBCA00853F6C /* Assets.xcassets */; };
		8118BD7125FA4E19002015E7 /* Spit.swift in Sources */ = {isa = PBXBuildFile; fileRef = 8118BD7025FA4E19002015E7 /* Spit.swift */; };
		8118BD8025FA5873002015E7 /* AnimateSpriteComponent.swift in Sources */ = {isa = PBXBuildFile; fileRef = 8118BD7F25FA5873002015E7 /* AnimateSpriteComponent.swift */; };
		815EFD9526027D7D008EEC0C /* PlayingState.swift in Sources */ = {isa = PBXBuildFile; fileRef = 815EFD9426027D7D008EEC0C /* PlayingState.swift */; };
		815EFD9B26027DBB008EEC0C /* GameCoordinator.swift in Sources */ = {isa = PBXBuildFile; fileRef = 815EFD9A26027DBB008EEC0C /* GameCoordinator.swift */; };
		818A422825FF7E0F00454FAF /* AnimateBackgroundComponent.swift in Sources */ = {isa = PBXBuildFile; fileRef = 818A422725FF7E0F00454FAF /* AnimateBackgroundComponent.swift */; };
		818ACC5F260237040033F65F /* CategoryMask.swift in Sources */ = {isa = PBXBuildFile; fileRef = 818ACC5E260237040033F65F /* CategoryMask.swift */; };
		818ACC6E260242BB0033F65F /* PausedState.swift in Sources */ = {isa = PBXBuildFile; fileRef = 818ACC6D260242BB0033F65F /* PausedState.swift */; };
		818ACC76260242C40033F65F /* GameOverState.swift in Sources */ = {isa = PBXBuildFile; fileRef = 818ACC75260242C40033F65F /* GameOverState.swift */; };
		818ACC7B260246A30033F65F /* GameStateMachine.swift in Sources */ = {isa = PBXBuildFile; fileRef = 818ACC7A260246A30033F65F /* GameStateMachine.swift */; };
		A4A0363B25F7C2E10036CCCB /* GameViewController.swift in Sources */ = {isa = PBXBuildFile; fileRef = A4A0363A25F7C2E10036CCCB /* GameViewController.swift */; };
		A4A0364025F7C2F90036CCCB /* Llama.swift in Sources */ = {isa = PBXBuildFile; fileRef = A4A0363F25F7C2F90036CCCB /* Llama.swift */; };
		A4A0364525F7C3070036CCCB /* UIColorExtension.swift in Sources */ = {isa = PBXBuildFile; fileRef = A4A0364425F7C3070036CCCB /* UIColorExtension.swift */; };
		A4A0364A25F7C31A0036CCCB /* ScreenSize.swift in Sources */ = {isa = PBXBuildFile; fileRef = A4A0364925F7C31A0036CCCB /* ScreenSize.swift */; };
		A4A0364F25F7C3280036CCCB /* Menu.swift in Sources */ = {isa = PBXBuildFile; fileRef = A4A0364E25F7C3280036CCCB /* Menu.swift */; };
		AEC2BAAB25FA3B4400D4261A /* teste1.swift in Sources */ = {isa = PBXBuildFile; fileRef = AEC2BAAA25FA3B4400D4261A /* teste1.swift */; };
		AEC2BAB925FA43FF00D4261A /* LaunchScreen.storyboard in Resources */ = {isa = PBXBuildFile; fileRef = AEC2BAB825FA43FF00D4261A /* LaunchScreen.storyboard */; };
		AEC2BAC125FA468100D4261A /* Background.swift in Sources */ = {isa = PBXBuildFile; fileRef = AEC2BAC025FA468100D4261A /* Background.swift */; };
/* End PBXBuildFile section */

/* Begin PBXContainerItemProxy section */
		5B8AD0A825F2717B00B64371 /* PBXContainerItemProxy */ = {
			isa = PBXContainerItemProxy;
			containerPortal = 5B8AD08825F2717800B64371 /* Project object */;
			proxyType = 1;
			remoteGlobalIDString = 5B8AD08F25F2717800B64371;
			remoteInfo = SpitOTime;
		};
		5B8AD0B325F2717B00B64371 /* PBXContainerItemProxy */ = {
			isa = PBXContainerItemProxy;
			containerPortal = 5B8AD08825F2717800B64371 /* Project object */;
			proxyType = 1;
			remoteGlobalIDString = 5B8AD08F25F2717800B64371;
			remoteInfo = SpitOTime;
		};
/* End PBXContainerItemProxy section */

/* Begin PBXFileReference section */
		5B8AD09025F2717800B64371 /* SpitOTime.app */ = {isa = PBXFileReference; explicitFileType = wrapper.application; includeInIndex = 0; path = SpitOTime.app; sourceTree = BUILT_PRODUCTS_DIR; };
		5B8AD09325F2717800B64371 /* AppDelegate.swift */ = {isa = PBXFileReference; lastKnownFileType = sourcecode.swift; path = AppDelegate.swift; sourceTree = "<group>"; };
		5B8AD09725F2717800B64371 /* Actions.sks */ = {isa = PBXFileReference; lastKnownFileType = file.sks; path = Actions.sks; sourceTree = "<group>"; };
		5B8AD09925F2717800B64371 /* GameScene.swift */ = {isa = PBXFileReference; lastKnownFileType = sourcecode.swift; path = GameScene.swift; sourceTree = "<group>"; };
		5B8AD0A025F2717A00B64371 /* Assets.xcassets */ = {isa = PBXFileReference; lastKnownFileType = folder.assetcatalog; path = Assets.xcassets; sourceTree = "<group>"; };
		5B8AD0A225F2717A00B64371 /* Info.plist */ = {isa = PBXFileReference; lastKnownFileType = text.plist.xml; path = Info.plist; sourceTree = "<group>"; };
		5B8AD0A725F2717B00B64371 /* SpitOTimeTests.xctest */ = {isa = PBXFileReference; explicitFileType = wrapper.cfbundle; includeInIndex = 0; path = SpitOTimeTests.xctest; sourceTree = BUILT_PRODUCTS_DIR; };
		5B8AD0AB25F2717B00B64371 /* SpitOTimeTests.swift */ = {isa = PBXFileReference; lastKnownFileType = sourcecode.swift; path = SpitOTimeTests.swift; sourceTree = "<group>"; };
		5B8AD0AD25F2717B00B64371 /* Info.plist */ = {isa = PBXFileReference; lastKnownFileType = text.plist.xml; path = Info.plist; sourceTree = "<group>"; };
		5B8AD0B225F2717B00B64371 /* SpitOTimeUITests.xctest */ = {isa = PBXFileReference; explicitFileType = wrapper.cfbundle; includeInIndex = 0; path = SpitOTimeUITests.xctest; sourceTree = BUILT_PRODUCTS_DIR; };
		5B8AD0B625F2717B00B64371 /* SpitOTimeUITests.swift */ = {isa = PBXFileReference; lastKnownFileType = sourcecode.swift; path = SpitOTimeUITests.swift; sourceTree = "<group>"; };
		5B8AD0B825F2717B00B64371 /* Info.plist */ = {isa = PBXFileReference; lastKnownFileType = text.plist.xml; path = Info.plist; sourceTree = "<group>"; };
		810BD5892600D9D900853F6C /* SpawnComponent.swift */ = {isa = PBXFileReference; lastKnownFileType = sourcecode.swift; path = SpawnComponent.swift; sourceTree = "<group>"; };
		810BD58E2600DE4600853F6C /* Enemy.swift */ = {isa = PBXFileReference; lastKnownFileType = sourcecode.swift; path = Enemy.swift; sourceTree = "<group>"; };
		810BD5932600DE5000853F6C /* Obstacle.swift */ = {isa = PBXFileReference; lastKnownFileType = sourcecode.swift; path = Obstacle.swift; sourceTree = "<group>"; };
		810BD59F2600FBCA00853F6C /* SpitParticle.sks */ = {isa = PBXFileReference; lastKnownFileType = file.sks; path = SpitParticle.sks; sourceTree = "<group>"; };
		810BD5A02600FBCA00853F6C /* Assets.xcassets */ = {isa = PBXFileReference; lastKnownFileType = folder.assetcatalog; path = Assets.xcassets; sourceTree = "<group>"; };
		8118BD7025FA4E19002015E7 /* Spit.swift */ = {isa = PBXFileReference; lastKnownFileType = sourcecode.swift; path = Spit.swift; sourceTree = "<group>"; };
		8118BD7F25FA5873002015E7 /* AnimateSpriteComponent.swift */ = {isa = PBXFileReference; lastKnownFileType = sourcecode.swift; path = AnimateSpriteComponent.swift; sourceTree = "<group>"; };
		815EFD9426027D7D008EEC0C /* PlayingState.swift */ = {isa = PBXFileReference; lastKnownFileType = sourcecode.swift; path = PlayingState.swift; sourceTree = "<group>"; };
		815EFD9A26027DBB008EEC0C /* GameCoordinator.swift */ = {isa = PBXFileReference; lastKnownFileType = sourcecode.swift; path = GameCoordinator.swift; sourceTree = "<group>"; };
		818A422725FF7E0F00454FAF /* AnimateBackgroundComponent.swift */ = {isa = PBXFileReference; lastKnownFileType = sourcecode.swift; path = AnimateBackgroundComponent.swift; sourceTree = "<group>"; };
		818ACC5E260237040033F65F /* CategoryMask.swift */ = {isa = PBXFileReference; lastKnownFileType = sourcecode.swift; path = CategoryMask.swift; sourceTree = "<group>"; };
		818ACC6D260242BB0033F65F /* PausedState.swift */ = {isa = PBXFileReference; lastKnownFileType = sourcecode.swift; path = PausedState.swift; sourceTree = "<group>"; };
		818ACC75260242C40033F65F /* GameOverState.swift */ = {isa = PBXFileReference; lastKnownFileType = sourcecode.swift; path = GameOverState.swift; sourceTree = "<group>"; };
		818ACC7A260246A30033F65F /* GameStateMachine.swift */ = {isa = PBXFileReference; lastKnownFileType = sourcecode.swift; path = GameStateMachine.swift; sourceTree = "<group>"; };
		A4A0363A25F7C2E10036CCCB /* GameViewController.swift */ = {isa = PBXFileReference; lastKnownFileType = sourcecode.swift; path = GameViewController.swift; sourceTree = "<group>"; };
		A4A0363F25F7C2F90036CCCB /* Llama.swift */ = {isa = PBXFileReference; lastKnownFileType = sourcecode.swift; path = Llama.swift; sourceTree = "<group>"; };
		A4A0364425F7C3070036CCCB /* UIColorExtension.swift */ = {isa = PBXFileReference; lastKnownFileType = sourcecode.swift; path = UIColorExtension.swift; sourceTree = "<group>"; };
		A4A0364925F7C31A0036CCCB /* ScreenSize.swift */ = {isa = PBXFileReference; lastKnownFileType = sourcecode.swift; path = ScreenSize.swift; sourceTree = "<group>"; };
		A4A0364E25F7C3280036CCCB /* Menu.swift */ = {isa = PBXFileReference; lastKnownFileType = sourcecode.swift; path = Menu.swift; sourceTree = "<group>"; };
		AEC2BAAA25FA3B4400D4261A /* teste1.swift */ = {isa = PBXFileReference; lastKnownFileType = sourcecode.swift; path = teste1.swift; sourceTree = "<group>"; };
		AEC2BAB825FA43FF00D4261A /* LaunchScreen.storyboard */ = {isa = PBXFileReference; lastKnownFileType = file.storyboard; path = LaunchScreen.storyboard; sourceTree = "<group>"; };
		AEC2BAC025FA468100D4261A /* Background.swift */ = {isa = PBXFileReference; lastKnownFileType = sourcecode.swift; path = Background.swift; sourceTree = "<group>"; };
/* End PBXFileReference section */

/* Begin PBXFrameworksBuildPhase section */
		5B8AD08D25F2717800B64371 /* Frameworks */ = {
			isa = PBXFrameworksBuildPhase;
			buildActionMask = 2147483647;
			files = (
			);
			runOnlyForDeploymentPostprocessing = 0;
		};
		5B8AD0A425F2717B00B64371 /* Frameworks */ = {
			isa = PBXFrameworksBuildPhase;
			buildActionMask = 2147483647;
			files = (
			);
			runOnlyForDeploymentPostprocessing = 0;
		};
		5B8AD0AF25F2717B00B64371 /* Frameworks */ = {
			isa = PBXFrameworksBuildPhase;
			buildActionMask = 2147483647;
			files = (
			);
			runOnlyForDeploymentPostprocessing = 0;
		};
/* End PBXFrameworksBuildPhase section */

/* Begin PBXGroup section */
		5B8AD08725F2717800B64371 = {
			isa = PBXGroup;
			children = (
				5B8AD09225F2717800B64371 /* SpitOTime */,
				5B8AD0AA25F2717B00B64371 /* SpitOTimeTests */,
				5B8AD0B525F2717B00B64371 /* SpitOTimeUITests */,
				5B8AD09125F2717800B64371 /* Products */,
			);
			sourceTree = "<group>";
		};
		5B8AD09125F2717800B64371 /* Products */ = {
			isa = PBXGroup;
			children = (
				5B8AD09025F2717800B64371 /* SpitOTime.app */,
				5B8AD0A725F2717B00B64371 /* SpitOTimeTests.xctest */,
				5B8AD0B225F2717B00B64371 /* SpitOTimeUITests.xctest */,
			);
			name = Products;
			sourceTree = "<group>";
		};
		5B8AD09225F2717800B64371 /* SpitOTime */ = {
			isa = PBXGroup;
			children = (
				5B8AD09325F2717800B64371 /* AppDelegate.swift */,
				A4A0361F25F7C29F0036CCCB /* Components */,
				A4A0362725F7C29F0036CCCB /* Controllers */,
				A4A0362125F7C29F0036CCCB /* Entities */,
				A4A0362925F7C29F0036CCCB /* Extensions */,
				A4A0362325F7C29F0036CCCB /* Helper */,
				A4A0361D25F7C29F0036CCCB /* Scenes */,
				A4A0362525F7C29F0036CCCB /* SystemComponents */,
				810BD59E2600FBB400853F6C /* Particles */,
				5B8AD09725F2717800B64371 /* Actions.sks */,
				5B8AD0A025F2717A00B64371 /* Assets.xcassets */,
				5B8AD0A225F2717A00B64371 /* Info.plist */,
				AEC2BAB825FA43FF00D4261A /* LaunchScreen.storyboard */,
			);
			path = SpitOTime;
			sourceTree = "<group>";
		};
		5B8AD0AA25F2717B00B64371 /* SpitOTimeTests */ = {
			isa = PBXGroup;
			children = (
				5B8AD0AB25F2717B00B64371 /* SpitOTimeTests.swift */,
				5B8AD0AD25F2717B00B64371 /* Info.plist */,
			);
			path = SpitOTimeTests;
			sourceTree = "<group>";
		};
		5B8AD0B525F2717B00B64371 /* SpitOTimeUITests */ = {
			isa = PBXGroup;
			children = (
				5B8AD0B625F2717B00B64371 /* SpitOTimeUITests.swift */,
				5B8AD0B825F2717B00B64371 /* Info.plist */,
			);
			path = SpitOTimeUITests;
			sourceTree = "<group>";
		};
		810BD59E2600FBB400853F6C /* Particles */ = {
			isa = PBXGroup;
			children = (
				810BD59F2600FBCA00853F6C /* SpitParticle.sks */,
				810BD5A02600FBCA00853F6C /* Assets.xcassets */,
			);
			path = Particles;
			sourceTree = "<group>";
		};
		815EFD9926027DA9008EEC0C /* Coordinator */ = {
			isa = PBXGroup;
			children = (
				815EFD9A26027DBB008EEC0C /* GameCoordinator.swift */,
			);
			path = Coordinator;
			sourceTree = "<group>";
		};
		818ACC6C260241FA0033F65F /* States */ = {
			isa = PBXGroup;
			children = (
				818ACC6D260242BB0033F65F /* PausedState.swift */,
				818ACC75260242C40033F65F /* GameOverState.swift */,
				818ACC7A260246A30033F65F /* GameStateMachine.swift */,
				815EFD9426027D7D008EEC0C /* PlayingState.swift */,
			);
			path = States;
			sourceTree = "<group>";
		};
		A4A0361D25F7C29F0036CCCB /* Scenes */ = {
			isa = PBXGroup;
			children = (
				815EFD9926027DA9008EEC0C /* Coordinator */,
				818ACC6C260241FA0033F65F /* States */,
				5B8AD09925F2717800B64371 /* GameScene.swift */,
				A4A0364E25F7C3280036CCCB /* Menu.swift */,
			);
			path = Scenes;
			sourceTree = "<group>";
		};
		A4A0361F25F7C29F0036CCCB /* Components */ = {
			isa = PBXGroup;
			children = (
				8118BD7F25FA5873002015E7 /* AnimateSpriteComponent.swift */,
				818A422725FF7E0F00454FAF /* AnimateBackgroundComponent.swift */,
				810BD5892600D9D900853F6C /* SpawnComponent.swift */,
			);
			path = Components;
			sourceTree = "<group>";
		};
		A4A0362125F7C29F0036CCCB /* Entities */ = {
			isa = PBXGroup;
			children = (
				A4A0363F25F7C2F90036CCCB /* Llama.swift */,
				AEC2BAC025FA468100D4261A /* Background.swift */,
				8118BD7025FA4E19002015E7 /* Spit.swift */,
				810BD58E2600DE4600853F6C /* Enemy.swift */,
				810BD5932600DE5000853F6C /* Obstacle.swift */,
			);
			path = Entities;
			sourceTree = "<group>";
		};
		A4A0362325F7C29F0036CCCB /* Helper */ = {
			isa = PBXGroup;
			children = (
				A4A0364925F7C31A0036CCCB /* ScreenSize.swift */,
				818ACC5E260237040033F65F /* CategoryMask.swift */,
			);
			path = Helper;
			sourceTree = "<group>";
		};
		A4A0362525F7C29F0036CCCB /* SystemComponents */ = {
			isa = PBXGroup;
			children = (
				AEC2BAAA25FA3B4400D4261A /* teste1.swift */,
			);
			path = SystemComponents;
			sourceTree = "<group>";
		};
		A4A0362725F7C29F0036CCCB /* Controllers */ = {
			isa = PBXGroup;
			children = (
				A4A0363A25F7C2E10036CCCB /* GameViewController.swift */,
			);
			path = Controllers;
			sourceTree = "<group>";
		};
		A4A0362925F7C29F0036CCCB /* Extensions */ = {
			isa = PBXGroup;
			children = (
				A4A0364425F7C3070036CCCB /* UIColorExtension.swift */,
			);
			path = Extensions;
			sourceTree = "<group>";
		};
/* End PBXGroup section */

/* Begin PBXNativeTarget section */
		5B8AD08F25F2717800B64371 /* SpitOTime */ = {
			isa = PBXNativeTarget;
			buildConfigurationList = 5B8AD0BB25F2717B00B64371 /* Build configuration list for PBXNativeTarget "SpitOTime" */;
			buildPhases = (
				5B8AD08C25F2717800B64371 /* Sources */,
				5B8AD08D25F2717800B64371 /* Frameworks */,
				5B8AD08E25F2717800B64371 /* Resources */,
			);
			buildRules = (
			);
			dependencies = (
			);
			name = SpitOTime;
			productName = SpitOTime;
			productReference = 5B8AD09025F2717800B64371 /* SpitOTime.app */;
			productType = "com.apple.product-type.application";
		};
		5B8AD0A625F2717B00B64371 /* SpitOTimeTests */ = {
			isa = PBXNativeTarget;
			buildConfigurationList = 5B8AD0BE25F2717B00B64371 /* Build configuration list for PBXNativeTarget "SpitOTimeTests" */;
			buildPhases = (
				5B8AD0A325F2717B00B64371 /* Sources */,
				5B8AD0A425F2717B00B64371 /* Frameworks */,
				5B8AD0A525F2717B00B64371 /* Resources */,
			);
			buildRules = (
			);
			dependencies = (
				5B8AD0A925F2717B00B64371 /* PBXTargetDependency */,
			);
			name = SpitOTimeTests;
			productName = SpitOTimeTests;
			productReference = 5B8AD0A725F2717B00B64371 /* SpitOTimeTests.xctest */;
			productType = "com.apple.product-type.bundle.unit-test";
		};
		5B8AD0B125F2717B00B64371 /* SpitOTimeUITests */ = {
			isa = PBXNativeTarget;
			buildConfigurationList = 5B8AD0C125F2717B00B64371 /* Build configuration list for PBXNativeTarget "SpitOTimeUITests" */;
			buildPhases = (
				5B8AD0AE25F2717B00B64371 /* Sources */,
				5B8AD0AF25F2717B00B64371 /* Frameworks */,
				5B8AD0B025F2717B00B64371 /* Resources */,
			);
			buildRules = (
			);
			dependencies = (
				5B8AD0B425F2717B00B64371 /* PBXTargetDependency */,
			);
			name = SpitOTimeUITests;
			productName = SpitOTimeUITests;
			productReference = 5B8AD0B225F2717B00B64371 /* SpitOTimeUITests.xctest */;
			productType = "com.apple.product-type.bundle.ui-testing";
		};
/* End PBXNativeTarget section */

/* Begin PBXProject section */
		5B8AD08825F2717800B64371 /* Project object */ = {
			isa = PBXProject;
			attributes = {
				LastSwiftUpdateCheck = 1240;
				LastUpgradeCheck = 1240;
				TargetAttributes = {
					5B8AD08F25F2717800B64371 = {
						CreatedOnToolsVersion = 12.4;
					};
					5B8AD0A625F2717B00B64371 = {
						CreatedOnToolsVersion = 12.4;
						TestTargetID = 5B8AD08F25F2717800B64371;
					};
					5B8AD0B125F2717B00B64371 = {
						CreatedOnToolsVersion = 12.4;
						TestTargetID = 5B8AD08F25F2717800B64371;
					};
				};
			};
			buildConfigurationList = 5B8AD08B25F2717800B64371 /* Build configuration list for PBXProject "SpitOTime" */;
			compatibilityVersion = "Xcode 9.3";
			developmentRegion = en;
			hasScannedForEncodings = 0;
			knownRegions = (
				en,
				Base,
			);
			mainGroup = 5B8AD08725F2717800B64371;
			productRefGroup = 5B8AD09125F2717800B64371 /* Products */;
			projectDirPath = "";
			projectRoot = "";
			targets = (
				5B8AD08F25F2717800B64371 /* SpitOTime */,
				5B8AD0A625F2717B00B64371 /* SpitOTimeTests */,
				5B8AD0B125F2717B00B64371 /* SpitOTimeUITests */,
			);
		};
/* End PBXProject section */

/* Begin PBXResourcesBuildPhase section */
		5B8AD08E25F2717800B64371 /* Resources */ = {
			isa = PBXResourcesBuildPhase;
			buildActionMask = 2147483647;
			files = (
				AEC2BAB925FA43FF00D4261A /* LaunchScreen.storyboard in Resources */,
				5B8AD0A125F2717A00B64371 /* Assets.xcassets in Resources */,
				5B8AD09825F2717800B64371 /* Actions.sks in Resources */,
				810BD5A12600FBCA00853F6C /* SpitParticle.sks in Resources */,
				810BD5A22600FBCA00853F6C /* Assets.xcassets in Resources */,
			);
			runOnlyForDeploymentPostprocessing = 0;
		};
		5B8AD0A525F2717B00B64371 /* Resources */ = {
			isa = PBXResourcesBuildPhase;
			buildActionMask = 2147483647;
			files = (
			);
			runOnlyForDeploymentPostprocessing = 0;
		};
		5B8AD0B025F2717B00B64371 /* Resources */ = {
			isa = PBXResourcesBuildPhase;
			buildActionMask = 2147483647;
			files = (
			);
			runOnlyForDeploymentPostprocessing = 0;
		};
/* End PBXResourcesBuildPhase section */

/* Begin PBXSourcesBuildPhase section */
		5B8AD08C25F2717800B64371 /* Sources */ = {
			isa = PBXSourcesBuildPhase;
			buildActionMask = 2147483647;
			files = (
				8118BD7125FA4E19002015E7 /* Spit.swift in Sources */,
				818ACC76260242C40033F65F /* GameOverState.swift in Sources */,
				8118BD8025FA5873002015E7 /* AnimateSpriteComponent.swift in Sources */,
				815EFD9B26027DBB008EEC0C /* GameCoordinator.swift in Sources */,
				A4A0363B25F7C2E10036CCCB /* GameViewController.swift in Sources */,
				AEC2BAAB25FA3B4400D4261A /* teste1.swift in Sources */,
				A4A0364525F7C3070036CCCB /* UIColorExtension.swift in Sources */,
				810BD58A2600D9D900853F6C /* SpawnComponent.swift in Sources */,
				810BD5942600DE5000853F6C /* Obstacle.swift in Sources */,
				818ACC5F260237040033F65F /* CategoryMask.swift in Sources */,
				818A422825FF7E0F00454FAF /* AnimateBackgroundComponent.swift in Sources */,
				A4A0364A25F7C31A0036CCCB /* ScreenSize.swift in Sources */,
				5B8AD09A25F2717800B64371 /* GameScene.swift in Sources */,
				818ACC6E260242BB0033F65F /* PausedState.swift in Sources */,
				A4A0364025F7C2F90036CCCB /* Llama.swift in Sources */,
				810BD58F2600DE4600853F6C /* Enemy.swift in Sources */,
				A4A0364F25F7C3280036CCCB /* Menu.swift in Sources */,
				818ACC7B260246A30033F65F /* GameStateMachine.swift in Sources */,
				5B8AD09425F2717800B64371 /* AppDelegate.swift in Sources */,
				815EFD9526027D7D008EEC0C /* PlayingState.swift in Sources */,
				AEC2BAC125FA468100D4261A /* Background.swift in Sources */,
			);
			runOnlyForDeploymentPostprocessing = 0;
		};
		5B8AD0A325F2717B00B64371 /* Sources */ = {
			isa = PBXSourcesBuildPhase;
			buildActionMask = 2147483647;
			files = (
				5B8AD0AC25F2717B00B64371 /* SpitOTimeTests.swift in Sources */,
			);
			runOnlyForDeploymentPostprocessing = 0;
		};
		5B8AD0AE25F2717B00B64371 /* Sources */ = {
			isa = PBXSourcesBuildPhase;
			buildActionMask = 2147483647;
			files = (
				5B8AD0B725F2717B00B64371 /* SpitOTimeUITests.swift in Sources */,
			);
			runOnlyForDeploymentPostprocessing = 0;
		};
/* End PBXSourcesBuildPhase section */

/* Begin PBXTargetDependency section */
		5B8AD0A925F2717B00B64371 /* PBXTargetDependency */ = {
			isa = PBXTargetDependency;
			target = 5B8AD08F25F2717800B64371 /* SpitOTime */;
			targetProxy = 5B8AD0A825F2717B00B64371 /* PBXContainerItemProxy */;
		};
		5B8AD0B425F2717B00B64371 /* PBXTargetDependency */ = {
			isa = PBXTargetDependency;
			target = 5B8AD08F25F2717800B64371 /* SpitOTime */;
			targetProxy = 5B8AD0B325F2717B00B64371 /* PBXContainerItemProxy */;
		};
/* End PBXTargetDependency section */

/* Begin XCBuildConfiguration section */
		5B8AD0B925F2717B00B64371 /* Debug */ = {
			isa = XCBuildConfiguration;
			buildSettings = {
				ALWAYS_SEARCH_USER_PATHS = NO;
				CLANG_ANALYZER_NONNULL = YES;
				CLANG_ANALYZER_NUMBER_OBJECT_CONVERSION = YES_AGGRESSIVE;
				CLANG_CXX_LANGUAGE_STANDARD = "gnu++14";
				CLANG_CXX_LIBRARY = "libc++";
				CLANG_ENABLE_MODULES = YES;
				CLANG_ENABLE_OBJC_ARC = YES;
				CLANG_ENABLE_OBJC_WEAK = YES;
				CLANG_WARN_BLOCK_CAPTURE_AUTORELEASING = YES;
				CLANG_WARN_BOOL_CONVERSION = YES;
				CLANG_WARN_COMMA = YES;
				CLANG_WARN_CONSTANT_CONVERSION = YES;
				CLANG_WARN_DEPRECATED_OBJC_IMPLEMENTATIONS = YES;
				CLANG_WARN_DIRECT_OBJC_ISA_USAGE = YES_ERROR;
				CLANG_WARN_DOCUMENTATION_COMMENTS = YES;
				CLANG_WARN_EMPTY_BODY = YES;
				CLANG_WARN_ENUM_CONVERSION = YES;
				CLANG_WARN_INFINITE_RECURSION = YES;
				CLANG_WARN_INT_CONVERSION = YES;
				CLANG_WARN_NON_LITERAL_NULL_CONVERSION = YES;
				CLANG_WARN_OBJC_IMPLICIT_RETAIN_SELF = YES;
				CLANG_WARN_OBJC_LITERAL_CONVERSION = YES;
				CLANG_WARN_OBJC_ROOT_CLASS = YES_ERROR;
				CLANG_WARN_QUOTED_INCLUDE_IN_FRAMEWORK_HEADER = YES;
				CLANG_WARN_RANGE_LOOP_ANALYSIS = YES;
				CLANG_WARN_STRICT_PROTOTYPES = YES;
				CLANG_WARN_SUSPICIOUS_MOVE = YES;
				CLANG_WARN_UNGUARDED_AVAILABILITY = YES_AGGRESSIVE;
				CLANG_WARN_UNREACHABLE_CODE = YES;
				CLANG_WARN__DUPLICATE_METHOD_MATCH = YES;
				COPY_PHASE_STRIP = NO;
				DEBUG_INFORMATION_FORMAT = dwarf;
				ENABLE_STRICT_OBJC_MSGSEND = YES;
				ENABLE_TESTABILITY = YES;
				GCC_C_LANGUAGE_STANDARD = gnu11;
				GCC_DYNAMIC_NO_PIC = NO;
				GCC_NO_COMMON_BLOCKS = YES;
				GCC_OPTIMIZATION_LEVEL = 0;
				GCC_PREPROCESSOR_DEFINITIONS = (
					"DEBUG=1",
					"$(inherited)",
				);
				GCC_WARN_64_TO_32_BIT_CONVERSION = YES;
				GCC_WARN_ABOUT_RETURN_TYPE = YES_ERROR;
				GCC_WARN_UNDECLARED_SELECTOR = YES;
				GCC_WARN_UNINITIALIZED_AUTOS = YES_AGGRESSIVE;
				GCC_WARN_UNUSED_FUNCTION = YES;
				GCC_WARN_UNUSED_VARIABLE = YES;
				IPHONEOS_DEPLOYMENT_TARGET = 14.4;
				MTL_ENABLE_DEBUG_INFO = INCLUDE_SOURCE;
				MTL_FAST_MATH = YES;
				ONLY_ACTIVE_ARCH = YES;
				SDKROOT = iphoneos;
				SWIFT_ACTIVE_COMPILATION_CONDITIONS = DEBUG;
				SWIFT_OPTIMIZATION_LEVEL = "-Onone";
			};
			name = Debug;
		};
		5B8AD0BA25F2717B00B64371 /* Release */ = {
			isa = XCBuildConfiguration;
			buildSettings = {
				ALWAYS_SEARCH_USER_PATHS = NO;
				CLANG_ANALYZER_NONNULL = YES;
				CLANG_ANALYZER_NUMBER_OBJECT_CONVERSION = YES_AGGRESSIVE;
				CLANG_CXX_LANGUAGE_STANDARD = "gnu++14";
				CLANG_CXX_LIBRARY = "libc++";
				CLANG_ENABLE_MODULES = YES;
				CLANG_ENABLE_OBJC_ARC = YES;
				CLANG_ENABLE_OBJC_WEAK = YES;
				CLANG_WARN_BLOCK_CAPTURE_AUTORELEASING = YES;
				CLANG_WARN_BOOL_CONVERSION = YES;
				CLANG_WARN_COMMA = YES;
				CLANG_WARN_CONSTANT_CONVERSION = YES;
				CLANG_WARN_DEPRECATED_OBJC_IMPLEMENTATIONS = YES;
				CLANG_WARN_DIRECT_OBJC_ISA_USAGE = YES_ERROR;
				CLANG_WARN_DOCUMENTATION_COMMENTS = YES;
				CLANG_WARN_EMPTY_BODY = YES;
				CLANG_WARN_ENUM_CONVERSION = YES;
				CLANG_WARN_INFINITE_RECURSION = YES;
				CLANG_WARN_INT_CONVERSION = YES;
				CLANG_WARN_NON_LITERAL_NULL_CONVERSION = YES;
				CLANG_WARN_OBJC_IMPLICIT_RETAIN_SELF = YES;
				CLANG_WARN_OBJC_LITERAL_CONVERSION = YES;
				CLANG_WARN_OBJC_ROOT_CLASS = YES_ERROR;
				CLANG_WARN_QUOTED_INCLUDE_IN_FRAMEWORK_HEADER = YES;
				CLANG_WARN_RANGE_LOOP_ANALYSIS = YES;
				CLANG_WARN_STRICT_PROTOTYPES = YES;
				CLANG_WARN_SUSPICIOUS_MOVE = YES;
				CLANG_WARN_UNGUARDED_AVAILABILITY = YES_AGGRESSIVE;
				CLANG_WARN_UNREACHABLE_CODE = YES;
				CLANG_WARN__DUPLICATE_METHOD_MATCH = YES;
				COPY_PHASE_STRIP = NO;
				DEBUG_INFORMATION_FORMAT = "dwarf-with-dsym";
				ENABLE_NS_ASSERTIONS = NO;
				ENABLE_STRICT_OBJC_MSGSEND = YES;
				GCC_C_LANGUAGE_STANDARD = gnu11;
				GCC_NO_COMMON_BLOCKS = YES;
				GCC_WARN_64_TO_32_BIT_CONVERSION = YES;
				GCC_WARN_ABOUT_RETURN_TYPE = YES_ERROR;
				GCC_WARN_UNDECLARED_SELECTOR = YES;
				GCC_WARN_UNINITIALIZED_AUTOS = YES_AGGRESSIVE;
				GCC_WARN_UNUSED_FUNCTION = YES;
				GCC_WARN_UNUSED_VARIABLE = YES;
				IPHONEOS_DEPLOYMENT_TARGET = 14.4;
				MTL_ENABLE_DEBUG_INFO = NO;
				MTL_FAST_MATH = YES;
				SDKROOT = iphoneos;
				SWIFT_COMPILATION_MODE = wholemodule;
				SWIFT_OPTIMIZATION_LEVEL = "-O";
				VALIDATE_PRODUCT = YES;
			};
			name = Release;
		};
		5B8AD0BC25F2717B00B64371 /* Debug */ = {
			isa = XCBuildConfiguration;
			buildSettings = {
				ASSETCATALOG_COMPILER_APPICON_NAME = AppIcon;
				ASSETCATALOG_COMPILER_GLOBAL_ACCENT_COLOR_NAME = AccentColor;
				CODE_SIGN_STYLE = Automatic;
				DEVELOPMENT_TEAM = 3A46XCK2VP;
				INFOPLIST_FILE = SpitOTime/Info.plist;
				LD_RUNPATH_SEARCH_PATHS = (
					"$(inherited)",
					"@executable_path/Frameworks",
				);
				PRODUCT_BUNDLE_IDENTIFIER = academy.SpitOTime;
				PRODUCT_NAME = "$(TARGET_NAME)";
				SWIFT_VERSION = 5.0;
				TARGETED_DEVICE_FAMILY = "1,2";
			};
			name = Debug;
		};
		5B8AD0BD25F2717B00B64371 /* Release */ = {
			isa = XCBuildConfiguration;
			buildSettings = {
				ASSETCATALOG_COMPILER_APPICON_NAME = AppIcon;
				ASSETCATALOG_COMPILER_GLOBAL_ACCENT_COLOR_NAME = AccentColor;
				CODE_SIGN_STYLE = Automatic;
				DEVELOPMENT_TEAM = 3A46XCK2VP;
				INFOPLIST_FILE = SpitOTime/Info.plist;
				LD_RUNPATH_SEARCH_PATHS = (
					"$(inherited)",
					"@executable_path/Frameworks",
				);
				PRODUCT_BUNDLE_IDENTIFIER = academy.SpitOTime;
				PRODUCT_NAME = "$(TARGET_NAME)";
				SWIFT_VERSION = 5.0;
				TARGETED_DEVICE_FAMILY = "1,2";
			};
			name = Release;
		};
		5B8AD0BF25F2717B00B64371 /* Debug */ = {
			isa = XCBuildConfiguration;
			buildSettings = {
				ALWAYS_EMBED_SWIFT_STANDARD_LIBRARIES = YES;
				BUNDLE_LOADER = "$(TEST_HOST)";
				CODE_SIGN_STYLE = Automatic;
				DEVELOPMENT_TEAM = 795A25396T;
				INFOPLIST_FILE = SpitOTimeTests/Info.plist;
				IPHONEOS_DEPLOYMENT_TARGET = 14.4;
				LD_RUNPATH_SEARCH_PATHS = (
					"$(inherited)",
					"@executable_path/Frameworks",
					"@loader_path/Frameworks",
				);
				PRODUCT_BUNDLE_IDENTIFIER = academy.SpitOTimeTests;
				PRODUCT_NAME = "$(TARGET_NAME)";
				SWIFT_VERSION = 5.0;
				TARGETED_DEVICE_FAMILY = "1,2";
				TEST_HOST = "$(BUILT_PRODUCTS_DIR)/SpitOTime.app/SpitOTime";
			};
			name = Debug;
		};
		5B8AD0C025F2717B00B64371 /* Release */ = {
			isa = XCBuildConfiguration;
			buildSettings = {
				ALWAYS_EMBED_SWIFT_STANDARD_LIBRARIES = YES;
				BUNDLE_LOADER = "$(TEST_HOST)";
				CODE_SIGN_STYLE = Automatic;
				DEVELOPMENT_TEAM = 795A25396T;
				INFOPLIST_FILE = SpitOTimeTests/Info.plist;
				IPHONEOS_DEPLOYMENT_TARGET = 14.4;
				LD_RUNPATH_SEARCH_PATHS = (
					"$(inherited)",
					"@executable_path/Frameworks",
					"@loader_path/Frameworks",
				);
				PRODUCT_BUNDLE_IDENTIFIER = academy.SpitOTimeTests;
				PRODUCT_NAME = "$(TARGET_NAME)";
				SWIFT_VERSION = 5.0;
				TARGETED_DEVICE_FAMILY = "1,2";
				TEST_HOST = "$(BUILT_PRODUCTS_DIR)/SpitOTime.app/SpitOTime";
			};
			name = Release;
		};
		5B8AD0C225F2717B00B64371 /* Debug */ = {
			isa = XCBuildConfiguration;
			buildSettings = {
				ALWAYS_EMBED_SWIFT_STANDARD_LIBRARIES = YES;
				CODE_SIGN_STYLE = Automatic;
				DEVELOPMENT_TEAM = 795A25396T;
				INFOPLIST_FILE = SpitOTimeUITests/Info.plist;
				LD_RUNPATH_SEARCH_PATHS = (
					"$(inherited)",
					"@executable_path/Frameworks",
					"@loader_path/Frameworks",
				);
				PRODUCT_BUNDLE_IDENTIFIER = academy.SpitOTimeUITests;
				PRODUCT_NAME = "$(TARGET_NAME)";
				SWIFT_VERSION = 5.0;
				TARGETED_DEVICE_FAMILY = "1,2";
				TEST_TARGET_NAME = SpitOTime;
			};
			name = Debug;
		};
		5B8AD0C325F2717B00B64371 /* Release */ = {
			isa = XCBuildConfiguration;
			buildSettings = {
				ALWAYS_EMBED_SWIFT_STANDARD_LIBRARIES = YES;
				CODE_SIGN_STYLE = Automatic;
				DEVELOPMENT_TEAM = 795A25396T;
				INFOPLIST_FILE = SpitOTimeUITests/Info.plist;
				LD_RUNPATH_SEARCH_PATHS = (
					"$(inherited)",
					"@executable_path/Frameworks",
					"@loader_path/Frameworks",
				);
				PRODUCT_BUNDLE_IDENTIFIER = academy.SpitOTimeUITests;
				PRODUCT_NAME = "$(TARGET_NAME)";
				SWIFT_VERSION = 5.0;
				TARGETED_DEVICE_FAMILY = "1,2";
				TEST_TARGET_NAME = SpitOTime;
			};
			name = Release;
		};
/* End XCBuildConfiguration section */

/* Begin XCConfigurationList section */
		5B8AD08B25F2717800B64371 /* Build configuration list for PBXProject "SpitOTime" */ = {
			isa = XCConfigurationList;
			buildConfigurations = (
				5B8AD0B925F2717B00B64371 /* Debug */,
				5B8AD0BA25F2717B00B64371 /* Release */,
			);
			defaultConfigurationIsVisible = 0;
			defaultConfigurationName = Release;
		};
		5B8AD0BB25F2717B00B64371 /* Build configuration list for PBXNativeTarget "SpitOTime" */ = {
			isa = XCConfigurationList;
			buildConfigurations = (
				5B8AD0BC25F2717B00B64371 /* Debug */,
				5B8AD0BD25F2717B00B64371 /* Release */,
			);
			defaultConfigurationIsVisible = 0;
			defaultConfigurationName = Release;
		};
		5B8AD0BE25F2717B00B64371 /* Build configuration list for PBXNativeTarget "SpitOTimeTests" */ = {
			isa = XCConfigurationList;
			buildConfigurations = (
				5B8AD0BF25F2717B00B64371 /* Debug */,
				5B8AD0C025F2717B00B64371 /* Release */,
			);
			defaultConfigurationIsVisible = 0;
			defaultConfigurationName = Release;
		};
		5B8AD0C125F2717B00B64371 /* Build configuration list for PBXNativeTarget "SpitOTimeUITests" */ = {
			isa = XCConfigurationList;
			buildConfigurations = (
				5B8AD0C225F2717B00B64371 /* Debug */,
				5B8AD0C325F2717B00B64371 /* Release */,
			);
			defaultConfigurationIsVisible = 0;
			defaultConfigurationName = Release;
		};
/* End XCConfigurationList section */
	};
	rootObject = 5B8AD08825F2717800B64371 /* Project object */;
}
